
Microsoft Visual Studio Solution File, Format Version 12.00
# Visual Studio Version 16
VisualStudioVersion = 16.0.29009.5
MinimumVisualStudioVersion = 10.0.40219.1
Project("{FAE04EC0-301F-11D3-BF4B-00C04F79EFBC}") = "003_Csharp_Arrays", "003_Csharp_Arrays\003_Csharp_Arrays.csproj", "{93C24572-E800-4E21-A077-4F8EEE5E07EB}"
EndProject
Global
	GlobalSection(SolutionConfigurationPlatforms) = preSolution
		Debug|Any CPU = Debug|Any CPU
		Release|Any CPU = Release|Any CPU
	EndGlobalSection
	GlobalSection(ProjectConfigurationPlatforms) = postSolution
		{93C24572-E800-4E21-A077-4F8EEE5E07EB}.Debug|Any CPU.ActiveCfg = Debug|Any CPU
		{93C24572-E800-4E21-A077-4F8EEE5E07EB}.Debug|Any CPU.Build.0 = Debug|Any CPU
		{93C24572-E800-4E21-A077-4F8EEE5E07EB}.Release|Any CPU.ActiveCfg = Release|Any CPU
		{93C24572-E800-4E21-A077-4F8EEE5E07EB}.Release|Any CPU.Build.0 = Release|Any CPU
	EndGlobalSection
	GlobalSection(SolutionProperties) = preSolution
		HideSolutionNode = FALSE
	EndGlobalSection
	GlobalSection(ExtensibilityGlobals) = postSolution
		SolutionGuid = {A7C575A3-1A7C-4D36-A93F-89F18C05C7D8}
	EndGlobalSection
EndGlobal
